
Microsoft Visual Studio Solution File, Format Version 12.00
# Visual Studio Version 17
VisualStudioVersion = 17.9.34622.214
MinimumVisualStudioVersion = 10.0.40219.1
Project("{9A19103F-16F7-4668-BE54-9A1E7A4F7556}") = "OverlappingModel", "OverlappingModel\OverlappingModel.csproj", "{34CE9C07-ACA4-4F06-921C-FACBDDB4A696}"
EndProject
Project("{FAE04EC0-301F-11D3-BF4B-00C04F79EFBC}") = "WaveFunctionCollapse.Interfaces", "WaveFunctionCollapse.Interfaces\WaveFunctionCollapse.Interfaces.csproj", "{CF13C52F-4CAE-49EC-B560-C4DB75E911EA}"
EndProject
Project("{FAE04EC0-301F-11D3-BF4B-00C04F79EFBC}") = "WaveFunctionCollapse.Avalonia", "WaveFunctionCollapse.Avalonia\WaveFunctionCollapse.Avalonia.csproj", "{33625AEA-8B89-A12F-E4BF-E8CD66DE1826}"
EndProject
Project("{FAE04EC0-301F-11D3-BF4B-00C04F79EFBC}") = "WaveFunctionCollapse.Avalonia.Desktop", "WaveFunctionCollapse.Avalonia.Desktop\WaveFunctionCollapse.Avalonia.Desktop.csproj", "{4D2B857A-F1E5-A106-B405-148A7A19AB50}"
EndProject
Project("{FAE04EC0-301F-11D3-BF4B-00C04F79EFBC}") = "PerformanceTest", "PerformanceTest\PerformanceTest.csproj", "{CEC16E76-B0C6-453A-AF84-BB78E02A41C1}"
EndProject
Global
	GlobalSection(SolutionConfigurationPlatforms) = preSolution
		Debug|Any CPU = Debug|Any CPU
		Release|Any CPU = Release|Any CPU
	EndGlobalSection
	GlobalSection(ProjectConfigurationPlatforms) = postSolution
		{34CE9C07-ACA4-4F06-921C-FACBDDB4A696}.Debug|Any CPU.ActiveCfg = Debug|Any CPU
		{34CE9C07-ACA4-4F06-921C-FACBDDB4A696}.Debug|Any CPU.Build.0 = Debug|Any CPU
		{34CE9C07-ACA4-4F06-921C-FACBDDB4A696}.Release|Any CPU.ActiveCfg = Release|Any CPU
		{34CE9C07-ACA4-4F06-921C-FACBDDB4A696}.Release|Any CPU.Build.0 = Release|Any CPU
		{CF13C52F-4CAE-49EC-B560-C4DB75E911EA}.Debug|Any CPU.ActiveCfg = Debug|Any CPU
		{CF13C52F-4CAE-49EC-B560-C4DB75E911EA}.Debug|Any CPU.Build.0 = Debug|Any CPU
		{CF13C52F-4CAE-49EC-B560-C4DB75E911EA}.Release|Any CPU.ActiveCfg = Release|Any CPU
		{CF13C52F-4CAE-49EC-B560-C4DB75E911EA}.Release|Any CPU.Build.0 = Release|Any CPU
		{33625AEA-8B89-A12F-E4BF-E8CD66DE1826}.Debug|Any CPU.ActiveCfg = Debug|Any CPU
		{33625AEA-8B89-A12F-E4BF-E8CD66DE1826}.Debug|Any CPU.Build.0 = Debug|Any CPU
		{33625AEA-8B89-A12F-E4BF-E8CD66DE1826}.Release|Any CPU.ActiveCfg = Release|Any CPU
		{33625AEA-8B89-A12F-E4BF-E8CD66DE1826}.Release|Any CPU.Build.0 = Release|Any CPU
		{4D2B857A-F1E5-A106-B405-148A7A19AB50}.Debug|Any CPU.ActiveCfg = Debug|Any CPU
		{4D2B857A-F1E5-A106-B405-148A7A19AB50}.Debug|Any CPU.Build.0 = Debug|Any CPU
		{4D2B857A-F1E5-A106-B405-148A7A19AB50}.Release|Any CPU.ActiveCfg = Release|Any CPU
		{4D2B857A-F1E5-A106-B405-148A7A19AB50}.Release|Any CPU.Build.0 = Release|Any CPU
		{CEC16E76-B0C6-453A-AF84-BB78E02A41C1}.Debug|Any CPU.ActiveCfg = Debug|Any CPU
		{CEC16E76-B0C6-453A-AF84-BB78E02A41C1}.Debug|Any CPU.Build.0 = Debug|Any CPU
		{CEC16E76-B0C6-453A-AF84-BB78E02A41C1}.Release|Any CPU.ActiveCfg = Release|Any CPU
		{CEC16E76-B0C6-453A-AF84-BB78E02A41C1}.Release|Any CPU.Build.0 = Release|Any CPU
	EndGlobalSection
	GlobalSection(SolutionProperties) = preSolution
		HideSolutionNode = FALSE
	EndGlobalSection
	GlobalSection(ExtensibilityGlobals) = postSolution
		SolutionGuid = {2DF494CE-9D48-47B4-8517-A8E1457E63CD}
	EndGlobalSection
EndGlobal
